
Microsoft Visual Studio Solution File, Format Version 12.00
# Visual Studio Version 16
VisualStudioVersion = 16.0.31702.278
MinimumVisualStudioVersion = 10.0.40219.1
Project("{FAE04EC0-301F-11D3-BF4B-00C04F79EFBC}") = "StudentCourseManagement", "StudentCourseManagement\StudentCourseManagement.csproj", "{2491834B-C04B-4F20-B42A-ACAA51217607}"
EndProject
Project("{FAE04EC0-301F-11D3-BF4B-00C04F79EFBC}") = "StudentCourseManagement.Models", "StudentCourseManagement.Models\StudentCourseManagement.Models.csproj", "{96C948C1-9520-4A04-8047-6E75E19C1739}"
EndProject
Project("{FAE04EC0-301F-11D3-BF4B-00C04F79EFBC}") = "StudentCourseManagement.Interfaces", "StudentCourseManagement.Interfaces\StudentCourseManagement.Interfaces.csproj", "{BB05CAC0-469C-4A21-AC6F-CFEE2E47BB1F}"
EndProject
Project("{FAE04EC0-301F-11D3-BF4B-00C04F79EFBC}") = "StudentCourseManagement.Repositories", "StudentCourseManagement.Repositories\StudentCourseManagement.Repositories.csproj", "{7A80197B-4BC8-4DBF-90EF-44EEB7246779}"
EndProject
Project("{FAE04EC0-301F-11D3-BF4B-00C04F79EFBC}") = "StudentCourseManagement.Services", "StudentCourseManagement.Services\StudentCourseManagement.Services.csproj", "{A76CF638-3C8E-48B8-968E-C8C839F5176C}"
EndProject
Global
	GlobalSection(SolutionConfigurationPlatforms) = preSolution
		Debug|Any CPU = Debug|Any CPU
		Release|Any CPU = Release|Any CPU
	EndGlobalSection
	GlobalSection(ProjectConfigurationPlatforms) = postSolution
		{2491834B-C04B-4F20-B42A-ACAA51217607}.Debug|Any CPU.ActiveCfg = Debug|Any CPU
		{2491834B-C04B-4F20-B42A-ACAA51217607}.Debug|Any CPU.Build.0 = Debug|Any CPU
		{2491834B-C04B-4F20-B42A-ACAA51217607}.Release|Any CPU.ActiveCfg = Release|Any CPU
		{2491834B-C04B-4F20-B42A-ACAA51217607}.Release|Any CPU.Build.0 = Release|Any CPU
		{96C948C1-9520-4A04-8047-6E75E19C1739}.Debug|Any CPU.ActiveCfg = Debug|Any CPU
		{96C948C1-9520-4A04-8047-6E75E19C1739}.Debug|Any CPU.Build.0 = Debug|Any CPU
		{96C948C1-9520-4A04-8047-6E75E19C1739}.Release|Any CPU.ActiveCfg = Release|Any CPU
		{96C948C1-9520-4A04-8047-6E75E19C1739}.Release|Any CPU.Build.0 = Release|Any CPU
		{BB05CAC0-469C-4A21-AC6F-CFEE2E47BB1F}.Debug|Any CPU.ActiveCfg = Debug|Any CPU
		{BB05CAC0-469C-4A21-AC6F-CFEE2E47BB1F}.Debug|Any CPU.Build.0 = Debug|Any CPU
		{BB05CAC0-469C-4A21-AC6F-CFEE2E47BB1F}.Release|Any CPU.ActiveCfg = Release|Any CPU
		{BB05CAC0-469C-4A21-AC6F-CFEE2E47BB1F}.Release|Any CPU.Build.0 = Release|Any CPU
		{7A80197B-4BC8-4DBF-90EF-44EEB7246779}.Debug|Any CPU.ActiveCfg = Debug|Any CPU
		{7A80197B-4BC8-4DBF-90EF-44EEB7246779}.Debug|Any CPU.Build.0 = Debug|Any CPU
		{7A80197B-4BC8-4DBF-90EF-44EEB7246779}.Release|Any CPU.ActiveCfg = Release|Any CPU
		{7A80197B-4BC8-4DBF-90EF-44EEB7246779}.Release|Any CPU.Build.0 = Release|Any CPU
		{A76CF638-3C8E-48B8-968E-C8C839F5176C}.Debug|Any CPU.ActiveCfg = Debug|Any CPU
		{A76CF638-3C8E-48B8-968E-C8C839F5176C}.Debug|Any CPU.Build.0 = Debug|Any CPU
		{A76CF638-3C8E-48B8-968E-C8C839F5176C}.Release|Any CPU.ActiveCfg = Release|Any CPU
		{A76CF638-3C8E-48B8-968E-C8C839F5176C}.Release|Any CPU.Build.0 = Release|Any CPU
	EndGlobalSection
	GlobalSection(SolutionProperties) = preSolution
		HideSolutionNode = FALSE
	EndGlobalSection
	GlobalSection(ExtensibilityGlobals) = postSolution
		SolutionGuid = {A138A41D-C0A0-4D93-9EAC-171447128473}
	EndGlobalSection
EndGlobal
